
Microsoft Visual Studio Solution File, Format Version 12.00
# Visual Studio 14
VisualStudioVersion = 14.0.25420.1
MinimumVisualStudioVersion = 10.0.40219.1
Project("{FAE04EC0-301F-11D3-BF4B-00C04F79EFBC}") = "MongoDbSampleApp", "MongoDbSampleApp\MongoDbSampleApp.csproj", "{22C0FB83-381A-47D2-871E-D1E23033D334}"
EndProject
Project("{FAE04EC0-301F-11D3-BF4B-00C04F79EFBC}") = "UnitTestProject1", "UnitTestProject1\UnitTestProject1.csproj", "{F12118D0-A5B2-49C2-85E1-ADE8DA09BF16}"
EndProject
Global
	GlobalSection(SolutionConfigurationPlatforms) = preSolution
		Debug|Any CPU = Debug|Any CPU
		Release|Any CPU = Release|Any CPU
	EndGlobalSection
	GlobalSection(ProjectConfigurationPlatforms) = postSolution
		{22C0FB83-381A-47D2-871E-D1E23033D334}.Debug|Any CPU.ActiveCfg = Debug|Any CPU
		{22C0FB83-381A-47D2-871E-D1E23033D334}.Debug|Any CPU.Build.0 = Debug|Any CPU
		{22C0FB83-381A-47D2-871E-D1E23033D334}.Release|Any CPU.ActiveCfg = Release|Any CPU
		{22C0FB83-381A-47D2-871E-D1E23033D334}.Release|Any CPU.Build.0 = Release|Any CPU
		{F12118D0-A5B2-49C2-85E1-ADE8DA09BF16}.Debug|Any CPU.ActiveCfg = Debug|Any CPU
		{F12118D0-A5B2-49C2-85E1-ADE8DA09BF16}.Debug|Any CPU.Build.0 = Debug|Any CPU
		{F12118D0-A5B2-49C2-85E1-ADE8DA09BF16}.Release|Any CPU.ActiveCfg = Release|Any CPU
		{F12118D0-A5B2-49C2-85E1-ADE8DA09BF16}.Release|Any CPU.Build.0 = Release|Any CPU
	EndGlobalSection
	GlobalSection(SolutionProperties) = preSolution
		HideSolutionNode = FALSE
	EndGlobalSection
EndGlobal
